{
  "name": "@flashyos/conformance-kit",
  "version": "0.1.0",
  "lockfileVersion": 3,
  "requires": true,
  "packages": {
    "": {
      "name": "@flashyos/conformance-kit",
      "version": "0.1.0",
      "license": "Apache-2.0",
      "bin": {
        "conformance-kit": "src/cli.mjs"
      },
      "engines": {
        "node": ">=20"
      }
    }
  }
}
